
Microsoft Visual Studio Solution File, Format Version 12.00
# Visual Studio Version 16
VisualStudioVersion = 16.0.31515.178
MinimumVisualStudioVersion = 10.0.40219.1
Project("{9A19103F-16F7-4668-BE54-9A1E7A4F7556}") = "Lib", "Lib\Lib.csproj", "{8C97262E-167E-44BC-9D69-4FE665FF5451}"
EndProject
Project("{9A19103F-16F7-4668-BE54-9A1E7A4F7556}") = "Tests", "Tests\Tests.csproj", "{CCAD2033-B024-488F-9FBC-60CC37D611F5}"
EndProject
Project("{2150E333-8FDC-42A3-9474-1A3956D46DE8}") = "Solution Items", "Solution Items", "{290CB5F8-F9E6-44AD-92AF-EEAAD051DC77}"
	ProjectSection(SolutionItems) = preProject
		.github\workflows\ci.yml = .github\workflows\ci.yml
		README.md = README.md
	EndProjectSection
EndProject
Global
	GlobalSection(SolutionConfigurationPlatforms) = preSolution
		Debug|Any CPU = Debug|Any CPU
		Release|Any CPU = Release|Any CPU
	EndGlobalSection
	GlobalSection(ProjectConfigurationPlatforms) = postSolution
		{8C97262E-167E-44BC-9D69-4FE665FF5451}.Debug|Any CPU.ActiveCfg = Debug|Any CPU
		{8C97262E-167E-44BC-9D69-4FE665FF5451}.Debug|Any CPU.Build.0 = Debug|Any CPU
		{8C97262E-167E-44BC-9D69-4FE665FF5451}.Release|Any CPU.ActiveCfg = Release|Any CPU
		{8C97262E-167E-44BC-9D69-4FE665FF5451}.Release|Any CPU.Build.0 = Release|Any CPU
		{CCAD2033-B024-488F-9FBC-60CC37D611F5}.Debug|Any CPU.ActiveCfg = Debug|Any CPU
		{CCAD2033-B024-488F-9FBC-60CC37D611F5}.Debug|Any CPU.Build.0 = Debug|Any CPU
		{CCAD2033-B024-488F-9FBC-60CC37D611F5}.Release|Any CPU.ActiveCfg = Release|Any CPU
		{CCAD2033-B024-488F-9FBC-60CC37D611F5}.Release|Any CPU.Build.0 = Release|Any CPU
	EndGlobalSection
	GlobalSection(SolutionProperties) = preSolution
		HideSolutionNode = FALSE
	EndGlobalSection
	GlobalSection(ExtensibilityGlobals) = postSolution
		SolutionGuid = {11DC74D5-98CA-4A44-BCEC-9EDFB93DDC8C}
	EndGlobalSection
EndGlobal
